<?xml version="1.0" encoding="utf-8"?>
<Project ToolsVersion="4.0" xmlns="http://schemas.microsoft.com/developer/msbuild/2003">
  <ItemGroup>
    <Filter Include="Source Files">
      <UniqueIdentifier>{4FC737F1-C7A5-4376-A066-2A32D752A2FF}</UniqueIdentifier>
      <Extensions>cpp;c;cc;cxx;c++;cppm;ixx;def;odl;idl;hpj;bat;asm;asmx</Extensions>
    </Filter>
    <Filter Include="Header Files">
      <UniqueIdentifier>{93995380-89BD-4b04-88EB-625FBE52EBFB}</UniqueIdentifier>
      <Extensions>h;hh;hpp;hxx;h++;hm;inl;inc;ipp;xsd</Extensions>
    </Filter>
    <Filter Include="Resource Files">
      <UniqueIdentifier>{67DA6AB6-F800-4c08-8B7A-83BB121AAD01}</UniqueIdentifier>
      <Extensions>rc;ico;cur;bmp;dlg;rc2;rct;bin;rgs;gif;jpg;jpeg;jpe;resx;tiff;tif;png;wav;mfcribbon-ms</Extensions>
    </Filter>
  </ItemGroup>
  <ItemGroup>
    <ClCompile Include="Source\main.cpp">
      <Filter>Source Files</Filter>
    </ClCompile>
    <ClCompile Include="Source\Graphics.cpp">
      <Filter>Source Files</Filter>
    </ClCompile>
    <ClCompile Include="Source\Achievements.cpp">
      <Filter>Source Files</Filter>
    </ClCompile>
    <ClCompile Include="Source\AnimatedTex.cpp">
      <Filter>Source Files</Filter>
    </ClCompile>
    <ClCompile Include="Source\AssetMgr.cpp">
      <Filter>Source Files</Filter>
    </ClCompile>
    <ClCompile Include="Source\Collider.cpp">
      <Filter>Source Files</Filter>
    </ClCompile>
    <ClCompile Include="Source\GameEntity.cpp">
      <Filter>Source Files</Filter>
    </ClCompile>
    <ClCompile Include="Source\GameManager.cpp">
      <Filter>Source Files</Filter>
    </ClCompile>
    <ClCompile Include="Source\GUI.cpp">
      <Filter>Source Files</Filter>
    </ClCompile>
    <ClCompile Include="Source\InputMgr.cpp">
      <Filter>Source Files</Filter>
    </ClCompile>
    <ClCompile Include="Source\CardScreen.cpp">
      <Filter>Source Files</Filter>
    </ClCompile>
    <ClCompile Include="Source\Play.cpp">
      <Filter>Source Files</Filter>
    </ClCompile>
    <ClCompile Include="Source\Player.cpp">
      <Filter>Source Files</Filter>
    </ClCompile>
    <ClCompile Include="Source\ScreenMgr.cpp">
      <Filter>Source Files</Filter>
    </ClCompile>
    <ClCompile Include="Source\StartScreen.cpp">
      <Filter>Source Files</Filter>
    </ClCompile>
    <ClCompile Include="Source\Texture.cpp">
      <Filter>Source Files</Filter>
    </ClCompile>
    <ClCompile Include="Source\Timer.cpp">
      <Filter>Source Files</Filter>
    </ClCompile>
    <ClCompile Include="Source\Outside.cpp">
      <Filter>Source Files</Filter>
    </ClCompile>
    <ClCompile Include="Source\Room.cpp">
      <Filter>Source Files</Filter>
    </ClCompile>
    <ClCompile Include="Source\PhysicsEntity.cpp">
      <Filter>Source Files</Filter>
    </ClCompile>
    <ClCompile Include="Source\Tile.cpp">
      <Filter>Source Files</Filter>
    </ClCompile>
    <ClCompile Include="Source\TileMap.cpp">
      <Filter>Source Files</Filter>
    </ClCompile>
    <ClCompile Include="Source\Entity.cpp">
      <Filter>Source Files</Filter>
    </ClCompile>
  </ItemGroup>
  <ItemGroup>
    <ClInclude Include="Headers\Graphics.h">
      <Filter>Header Files</Filter>
    </ClInclude>
    <ClInclude Include="Headers\Achievements.h">
      <Filter>Header Files</Filter>
    </ClInclude>
    <ClInclude Include="Headers\AnimatedTex.h">
      <Filter>Header Files</Filter>
    </ClInclude>
    <ClInclude Include="Headers\AssetMgr.h">
      <Filter>Header Files</Filter>
    </ClInclude>
    <ClInclude Include="Headers\Collider.h">
      <Filter>Header Files</Filter>
    </ClInclude>
    <ClInclude Include="Headers\GameEntity.h">
      <Filter>Header Files</Filter>
    </ClInclude>
    <ClInclude Include="Headers\GameManager.h">
      <Filter>Header Files</Filter>
    </ClInclude>
    <ClInclude Include="Headers\GUI.h">
      <Filter>Header Files</Filter>
    </ClInclude>
    <ClInclude Include="Headers\InputMgr.h">
      <Filter>Header Files</Filter>
    </ClInclude>
    <ClInclude Include="Headers\MathHelper.h">
      <Filter>Header Files</Filter>
    </ClInclude>
    <ClInclude Include="Headers\CardScreen.h">
      <Filter>Header Files</Filter>
    </ClInclude>
    <ClInclude Include="Headers\Play.h">
      <Filter>Header Files</Filter>
    </ClInclude>
    <ClInclude Include="Headers\Player.h">
      <Filter>Header Files</Filter>
    </ClInclude>
    <ClInclude Include="Headers\ScreenMgr.h">
      <Filter>Header Files</Filter>
    </ClInclude>
    <ClInclude Include="Headers\StartScreen.h">
      <Filter>Header Files</Filter>
    </ClInclude>
    <ClInclude Include="Headers\Texture.h">
      <Filter>Header Files</Filter>
    </ClInclude>
    <ClInclude Include="Headers\Timer.h">
      <Filter>Header Files</Filter>
    </ClInclude>
    <ClInclude Include="Headers\Outside.h">
      <Filter>Header Files</Filter>
    </ClInclude>
    <ClInclude Include="Headers\Room.h">
      <Filter>Header Files</Filter>
    </ClInclude>
    <ClInclude Include="Headers\PhysicsEntity.h">
      <Filter>Header Files</Filter>
    </ClInclude>
    <ClInclude Include="Headers\Tile.h">
      <Filter>Header Files</Filter>
    </ClInclude>
    <ClInclude Include="Headers\TileMap.h">
      <Filter>Header Files</Filter>
    </ClInclude>
    <ClInclude Include="Headers\Entity.h">
      <Filter>Header Files</Filter>
    </ClInclude>
  </ItemGroup>
</Project>